
Microsoft Visual Studio Solution File, Format Version 12.00
# Visual Studio Version 16
VisualStudioVersion = 16.0.30204.135
MinimumVisualStudioVersion = 10.0.40219.1
Project("{2150E333-8FDC-42A3-9474-1A3956D46DE8}") = "PracticalShooterApp", "PracticalShooterApp", "{8A199A8C-C1BC-41A8-9420-2F57DEE9D393}"
EndProject
Project("{2150E333-8FDC-42A3-9474-1A3956D46DE8}") = "DataManipulationTools", "DataManipulationTools", "{6101ADA1-B50C-4232-A9A5-5F79DEF9D0C9}"
EndProject
Project("{FAE04EC0-301F-11D3-BF4B-00C04F79EFBC}") = "DataUtilitiesApp", "DataManipulationTools\DataUtilitiesApp\DataUtilitiesApp.csproj", "{102186CF-5F85-48C2-B3EF-04ED9D8161F6}"
EndProject
Project("{9A19103F-16F7-4668-BE54-9A1E7A4F7556}") = "DataManipulationLibrary", "DataManipulationTools\DataManipulationLibrary\DataManipulationLibrary.csproj", "{808E7F7B-0F8E-40B5-86D4-AEB1D663DD92}"
EndProject
Project("{9A19103F-16F7-4668-BE54-9A1E7A4F7556}") = "IPSCCompanionAppLegacy", "PracticalShooterApp\IPSCCompanionAppLegacy\IPSCCompanionAppLegacy.csproj", "{9C85B4E1-F6A4-42AB-86B7-B2AD2AC0C1B6}"
EndProject
Project("{9A19103F-16F7-4668-BE54-9A1E7A4F7556}") = "PracticalShooterLibrary", "PracticalShooterApp\PracticalShooterLibrary\PracticalShooterLibrary.csproj", "{7D32AEC3-B9C6-4DE1-BD73-80930596251C}"
EndProject
Project("{FAE04EC0-301F-11D3-BF4B-00C04F79EFBC}") = "IPSCCompanionAppLegacy.Android", "PracticalShooterApp\IPSCCompanionAppLegacy.Android\IPSCCompanionAppLegacy.Android.csproj", "{040E11E4-D954-42E9-9DA4-AB403C8A4E75}"
EndProject
Project("{FAE04EC0-301F-11D3-BF4B-00C04F79EFBC}") = "IPSCCompanionAppLegacy.iOS", "PracticalShooterApp\IPSCCompanionAppLegacy.iOS\IPSCCompanionAppLegacy.iOS.csproj", "{265614FD-C538-4E1F-AAD2-BB40652ED027}"
EndProject
Project("{2150E333-8FDC-42A3-9474-1A3956D46DE8}") = "Legacy", "Legacy", "{EAAC3CE7-FEAE-49F1-84E0-4A7BB84BA8DF}"
EndProject
Project("{9A19103F-16F7-4668-BE54-9A1E7A4F7556}") = "PracticalShooter", "PracticalShooterApp\PracticalShooter\PracticalShooter.csproj", "{7661F9B3-4A23-4FF0-9AEF-2B8266B1F50B}"
EndProject
Project("{FAE04EC0-301F-11D3-BF4B-00C04F79EFBC}") = "PracticalShooter.Android", "PracticalShooterApp\PracticalShooter.Android\PracticalShooter.Android.csproj", "{33601F28-33F5-4A4B-A11B-254E832FED8D}"
EndProject
Project("{FAE04EC0-301F-11D3-BF4B-00C04F79EFBC}") = "PracticalShooter.iOS", "PracticalShooterApp\PracticalShooter.iOS\PracticalShooter.iOS.csproj", "{B61BB6C2-2508-40CD-969B-7F0FF83F0D74}"
EndProject
Global
	GlobalSection(SolutionConfigurationPlatforms) = preSolution
		Debug|Any CPU = Debug|Any CPU
		Debug|iPhone = Debug|iPhone
		Debug|iPhoneSimulator = Debug|iPhoneSimulator
		Release|Any CPU = Release|Any CPU
		Release|iPhone = Release|iPhone
		Release|iPhoneSimulator = Release|iPhoneSimulator
	EndGlobalSection
	GlobalSection(ProjectConfigurationPlatforms) = postSolution
		{102186CF-5F85-48C2-B3EF-04ED9D8161F6}.Debug|Any CPU.ActiveCfg = Debug|Any CPU
		{102186CF-5F85-48C2-B3EF-04ED9D8161F6}.Debug|Any CPU.Build.0 = Debug|Any CPU
		{102186CF-5F85-48C2-B3EF-04ED9D8161F6}.Debug|iPhone.ActiveCfg = Debug|Any CPU
		{102186CF-5F85-48C2-B3EF-04ED9D8161F6}.Debug|iPhone.Build.0 = Debug|Any CPU
		{102186CF-5F85-48C2-B3EF-04ED9D8161F6}.Debug|iPhoneSimulator.ActiveCfg = Debug|Any CPU
		{102186CF-5F85-48C2-B3EF-04ED9D8161F6}.Debug|iPhoneSimulator.Build.0 = Debug|Any CPU
		{102186CF-5F85-48C2-B3EF-04ED9D8161F6}.Release|Any CPU.ActiveCfg = Release|Any CPU
		{102186CF-5F85-48C2-B3EF-04ED9D8161F6}.Release|Any CPU.Build.0 = Release|Any CPU
		{102186CF-5F85-48C2-B3EF-04ED9D8161F6}.Release|iPhone.ActiveCfg = Release|Any CPU
		{102186CF-5F85-48C2-B3EF-04ED9D8161F6}.Release|iPhone.Build.0 = Release|Any CPU
		{102186CF-5F85-48C2-B3EF-04ED9D8161F6}.Release|iPhoneSimulator.ActiveCfg = Release|Any CPU
		{102186CF-5F85-48C2-B3EF-04ED9D8161F6}.Release|iPhoneSimulator.Build.0 = Release|Any CPU
		{808E7F7B-0F8E-40B5-86D4-AEB1D663DD92}.Debug|Any CPU.ActiveCfg = Debug|Any CPU
		{808E7F7B-0F8E-40B5-86D4-AEB1D663DD92}.Debug|Any CPU.Build.0 = Debug|Any CPU
		{808E7F7B-0F8E-40B5-86D4-AEB1D663DD92}.Debug|iPhone.ActiveCfg = Debug|Any CPU
		{808E7F7B-0F8E-40B5-86D4-AEB1D663DD92}.Debug|iPhone.Build.0 = Debug|Any CPU
		{808E7F7B-0F8E-40B5-86D4-AEB1D663DD92}.Debug|iPhoneSimulator.ActiveCfg = Debug|Any CPU
		{808E7F7B-0F8E-40B5-86D4-AEB1D663DD92}.Debug|iPhoneSimulator.Build.0 = Debug|Any CPU
		{808E7F7B-0F8E-40B5-86D4-AEB1D663DD92}.Release|Any CPU.ActiveCfg = Release|Any CPU
		{808E7F7B-0F8E-40B5-86D4-AEB1D663DD92}.Release|Any CPU.Build.0 = Release|Any CPU
		{808E7F7B-0F8E-40B5-86D4-AEB1D663DD92}.Release|iPhone.ActiveCfg = Release|Any CPU
		{808E7F7B-0F8E-40B5-86D4-AEB1D663DD92}.Release|iPhone.Build.0 = Release|Any CPU
		{808E7F7B-0F8E-40B5-86D4-AEB1D663DD92}.Release|iPhoneSimulator.ActiveCfg = Release|Any CPU
		{808E7F7B-0F8E-40B5-86D4-AEB1D663DD92}.Release|iPhoneSimulator.Build.0 = Release|Any CPU
		{9C85B4E1-F6A4-42AB-86B7-B2AD2AC0C1B6}.Debug|Any CPU.ActiveCfg = Debug|Any CPU
		{9C85B4E1-F6A4-42AB-86B7-B2AD2AC0C1B6}.Debug|Any CPU.Build.0 = Debug|Any CPU
		{9C85B4E1-F6A4-42AB-86B7-B2AD2AC0C1B6}.Debug|iPhone.ActiveCfg = Debug|Any CPU
		{9C85B4E1-F6A4-42AB-86B7-B2AD2AC0C1B6}.Debug|iPhone.Build.0 = Debug|Any CPU
		{9C85B4E1-F6A4-42AB-86B7-B2AD2AC0C1B6}.Debug|iPhoneSimulator.ActiveCfg = Debug|Any CPU
		{9C85B4E1-F6A4-42AB-86B7-B2AD2AC0C1B6}.Debug|iPhoneSimulator.Build.0 = Debug|Any CPU
		{9C85B4E1-F6A4-42AB-86B7-B2AD2AC0C1B6}.Release|Any CPU.ActiveCfg = Release|Any CPU
		{9C85B4E1-F6A4-42AB-86B7-B2AD2AC0C1B6}.Release|Any CPU.Build.0 = Release|Any CPU
		{9C85B4E1-F6A4-42AB-86B7-B2AD2AC0C1B6}.Release|iPhone.ActiveCfg = Release|Any CPU
		{9C85B4E1-F6A4-42AB-86B7-B2AD2AC0C1B6}.Release|iPhone.Build.0 = Release|Any CPU
		{9C85B4E1-F6A4-42AB-86B7-B2AD2AC0C1B6}.Release|iPhoneSimulator.ActiveCfg = Release|Any CPU
		{9C85B4E1-F6A4-42AB-86B7-B2AD2AC0C1B6}.Release|iPhoneSimulator.Build.0 = Release|Any CPU
		{7D32AEC3-B9C6-4DE1-BD73-80930596251C}.Debug|Any CPU.ActiveCfg = Debug|Any CPU
		{7D32AEC3-B9C6-4DE1-BD73-80930596251C}.Debug|Any CPU.Build.0 = Debug|Any CPU
		{7D32AEC3-B9C6-4DE1-BD73-80930596251C}.Debug|iPhone.ActiveCfg = Debug|Any CPU
		{7D32AEC3-B9C6-4DE1-BD73-80930596251C}.Debug|iPhone.Build.0 = Debug|Any CPU
		{7D32AEC3-B9C6-4DE1-BD73-80930596251C}.Debug|iPhoneSimulator.ActiveCfg = Debug|Any CPU
		{7D32AEC3-B9C6-4DE1-BD73-80930596251C}.Debug|iPhoneSimulator.Build.0 = Debug|Any CPU
		{7D32AEC3-B9C6-4DE1-BD73-80930596251C}.Release|Any CPU.ActiveCfg = Release|Any CPU
		{7D32AEC3-B9C6-4DE1-BD73-80930596251C}.Release|Any CPU.Build.0 = Release|Any CPU
		{7D32AEC3-B9C6-4DE1-BD73-80930596251C}.Release|iPhone.ActiveCfg = Release|Any CPU
		{7D32AEC3-B9C6-4DE1-BD73-80930596251C}.Release|iPhone.Build.0 = Release|Any CPU
		{7D32AEC3-B9C6-4DE1-BD73-80930596251C}.Release|iPhoneSimulator.ActiveCfg = Release|Any CPU
		{7D32AEC3-B9C6-4DE1-BD73-80930596251C}.Release|iPhoneSimulator.Build.0 = Release|Any CPU
		{040E11E4-D954-42E9-9DA4-AB403C8A4E75}.Debug|Any CPU.ActiveCfg = Debug|Any CPU
		{040E11E4-D954-42E9-9DA4-AB403C8A4E75}.Debug|Any CPU.Build.0 = Debug|Any CPU
		{040E11E4-D954-42E9-9DA4-AB403C8A4E75}.Debug|Any CPU.Deploy.0 = Debug|Any CPU
		{040E11E4-D954-42E9-9DA4-AB403C8A4E75}.Debug|iPhone.ActiveCfg = Debug|Any CPU
		{040E11E4-D954-42E9-9DA4-AB403C8A4E75}.Debug|iPhone.Build.0 = Debug|Any CPU
		{040E11E4-D954-42E9-9DA4-AB403C8A4E75}.Debug|iPhone.Deploy.0 = Debug|Any CPU
		{040E11E4-D954-42E9-9DA4-AB403C8A4E75}.Debug|iPhoneSimulator.ActiveCfg = Debug|Any CPU
		{040E11E4-D954-42E9-9DA4-AB403C8A4E75}.Debug|iPhoneSimulator.Build.0 = Debug|Any CPU
		{040E11E4-D954-42E9-9DA4-AB403C8A4E75}.Debug|iPhoneSimulator.Deploy.0 = Debug|Any CPU
		{040E11E4-D954-42E9-9DA4-AB403C8A4E75}.Release|Any CPU.ActiveCfg = Release|Any CPU
		{040E11E4-D954-42E9-9DA4-AB403C8A4E75}.Release|Any CPU.Build.0 = Release|Any CPU
		{040E11E4-D954-42E9-9DA4-AB403C8A4E75}.Release|Any CPU.Deploy.0 = Release|Any CPU
		{040E11E4-D954-42E9-9DA4-AB403C8A4E75}.Release|iPhone.ActiveCfg = Release|Any CPU
		{040E11E4-D954-42E9-9DA4-AB403C8A4E75}.Release|iPhone.Build.0 = Release|Any CPU
		{040E11E4-D954-42E9-9DA4-AB403C8A4E75}.Release|iPhone.Deploy.0 = Release|Any CPU
		{040E11E4-D954-42E9-9DA4-AB403C8A4E75}.Release|iPhoneSimulator.ActiveCfg = Release|Any CPU
		{040E11E4-D954-42E9-9DA4-AB403C8A4E75}.Release|iPhoneSimulator.Build.0 = Release|Any CPU
		{040E11E4-D954-42E9-9DA4-AB403C8A4E75}.Release|iPhoneSimulator.Deploy.0 = Release|Any CPU
		{265614FD-C538-4E1F-AAD2-BB40652ED027}.Debug|Any CPU.ActiveCfg = Debug|iPhoneSimulator
		{265614FD-C538-4E1F-AAD2-BB40652ED027}.Debug|iPhone.ActiveCfg = Debug|iPhone
		{265614FD-C538-4E1F-AAD2-BB40652ED027}.Debug|iPhone.Build.0 = Debug|iPhone
		{265614FD-C538-4E1F-AAD2-BB40652ED027}.Debug|iPhoneSimulator.ActiveCfg = Debug|iPhoneSimulator
		{265614FD-C538-4E1F-AAD2-BB40652ED027}.Debug|iPhoneSimulator.Build.0 = Debug|iPhoneSimulator
		{265614FD-C538-4E1F-AAD2-BB40652ED027}.Release|Any CPU.ActiveCfg = Release|iPhoneSimulator
		{265614FD-C538-4E1F-AAD2-BB40652ED027}.Release|iPhone.ActiveCfg = Release|iPhone
		{265614FD-C538-4E1F-AAD2-BB40652ED027}.Release|iPhone.Build.0 = Release|iPhone
		{265614FD-C538-4E1F-AAD2-BB40652ED027}.Release|iPhoneSimulator.ActiveCfg = Release|iPhoneSimulator
		{265614FD-C538-4E1F-AAD2-BB40652ED027}.Release|iPhoneSimulator.Build.0 = Release|iPhoneSimulator
		{7661F9B3-4A23-4FF0-9AEF-2B8266B1F50B}.Debug|Any CPU.ActiveCfg = Debug|Any CPU
		{7661F9B3-4A23-4FF0-9AEF-2B8266B1F50B}.Debug|Any CPU.Build.0 = Debug|Any CPU
		{7661F9B3-4A23-4FF0-9AEF-2B8266B1F50B}.Debug|iPhone.ActiveCfg = Debug|Any CPU
		{7661F9B3-4A23-4FF0-9AEF-2B8266B1F50B}.Debug|iPhone.Build.0 = Debug|Any CPU
		{7661F9B3-4A23-4FF0-9AEF-2B8266B1F50B}.Debug|iPhoneSimulator.ActiveCfg = Debug|Any CPU
		{7661F9B3-4A23-4FF0-9AEF-2B8266B1F50B}.Debug|iPhoneSimulator.Build.0 = Debug|Any CPU
		{7661F9B3-4A23-4FF0-9AEF-2B8266B1F50B}.Release|Any CPU.ActiveCfg = Release|Any CPU
		{7661F9B3-4A23-4FF0-9AEF-2B8266B1F50B}.Release|Any CPU.Build.0 = Release|Any CPU
		{7661F9B3-4A23-4FF0-9AEF-2B8266B1F50B}.Release|iPhone.ActiveCfg = Release|Any CPU
		{7661F9B3-4A23-4FF0-9AEF-2B8266B1F50B}.Release|iPhone.Build.0 = Release|Any CPU
		{7661F9B3-4A23-4FF0-9AEF-2B8266B1F50B}.Release|iPhoneSimulator.ActiveCfg = Release|Any CPU
		{7661F9B3-4A23-4FF0-9AEF-2B8266B1F50B}.Release|iPhoneSimulator.Build.0 = Release|Any CPU
		{33601F28-33F5-4A4B-A11B-254E832FED8D}.Debug|Any CPU.ActiveCfg = Debug|Any CPU
		{33601F28-33F5-4A4B-A11B-254E832FED8D}.Debug|Any CPU.Build.0 = Debug|Any CPU
		{33601F28-33F5-4A4B-A11B-254E832FED8D}.Debug|Any CPU.Deploy.0 = Debug|Any CPU
		{33601F28-33F5-4A4B-A11B-254E832FED8D}.Debug|iPhone.ActiveCfg = Debug|Any CPU
		{33601F28-33F5-4A4B-A11B-254E832FED8D}.Debug|iPhone.Build.0 = Debug|Any CPU
		{33601F28-33F5-4A4B-A11B-254E832FED8D}.Debug|iPhone.Deploy.0 = Debug|Any CPU
		{33601F28-33F5-4A4B-A11B-254E832FED8D}.Debug|iPhoneSimulator.ActiveCfg = Debug|Any CPU
		{33601F28-33F5-4A4B-A11B-254E832FED8D}.Debug|iPhoneSimulator.Build.0 = Debug|Any CPU
		{33601F28-33F5-4A4B-A11B-254E832FED8D}.Debug|iPhoneSimulator.Deploy.0 = Debug|Any CPU
		{33601F28-33F5-4A4B-A11B-254E832FED8D}.Release|Any CPU.ActiveCfg = Release|Any CPU
		{33601F28-33F5-4A4B-A11B-254E832FED8D}.Release|Any CPU.Build.0 = Release|Any CPU
		{33601F28-33F5-4A4B-A11B-254E832FED8D}.Release|Any CPU.Deploy.0 = Release|Any CPU
		{33601F28-33F5-4A4B-A11B-254E832FED8D}.Release|iPhone.ActiveCfg = Release|Any CPU
		{33601F28-33F5-4A4B-A11B-254E832FED8D}.Release|iPhone.Build.0 = Release|Any CPU
		{33601F28-33F5-4A4B-A11B-254E832FED8D}.Release|iPhone.Deploy.0 = Release|Any CPU
		{33601F28-33F5-4A4B-A11B-254E832FED8D}.Release|iPhoneSimulator.ActiveCfg = Release|Any CPU
		{33601F28-33F5-4A4B-A11B-254E832FED8D}.Release|iPhoneSimulator.Build.0 = Release|Any CPU
		{33601F28-33F5-4A4B-A11B-254E832FED8D}.Release|iPhoneSimulator.Deploy.0 = Release|Any CPU
		{B61BB6C2-2508-40CD-969B-7F0FF83F0D74}.Debug|Any CPU.ActiveCfg = Debug|iPhoneSimulator
		{B61BB6C2-2508-40CD-969B-7F0FF83F0D74}.Debug|iPhone.ActiveCfg = Debug|iPhone
		{B61BB6C2-2508-40CD-969B-7F0FF83F0D74}.Debug|iPhone.Build.0 = Debug|iPhone
		{B61BB6C2-2508-40CD-969B-7F0FF83F0D74}.Debug|iPhoneSimulator.ActiveCfg = Debug|iPhoneSimulator
		{B61BB6C2-2508-40CD-969B-7F0FF83F0D74}.Debug|iPhoneSimulator.Build.0 = Debug|iPhoneSimulator
		{B61BB6C2-2508-40CD-969B-7F0FF83F0D74}.Release|Any CPU.ActiveCfg = Release|iPhoneSimulator
		{B61BB6C2-2508-40CD-969B-7F0FF83F0D74}.Release|iPhone.ActiveCfg = Release|iPhone
		{B61BB6C2-2508-40CD-969B-7F0FF83F0D74}.Release|iPhone.Build.0 = Release|iPhone
		{B61BB6C2-2508-40CD-969B-7F0FF83F0D74}.Release|iPhoneSimulator.ActiveCfg = Release|iPhoneSimulator
		{B61BB6C2-2508-40CD-969B-7F0FF83F0D74}.Release|iPhoneSimulator.Build.0 = Release|iPhoneSimulator
	EndGlobalSection
	GlobalSection(SolutionProperties) = preSolution
		HideSolutionNode = FALSE
	EndGlobalSection
	GlobalSection(NestedProjects) = preSolution
		{102186CF-5F85-48C2-B3EF-04ED9D8161F6} = {6101ADA1-B50C-4232-A9A5-5F79DEF9D0C9}
		{808E7F7B-0F8E-40B5-86D4-AEB1D663DD92} = {6101ADA1-B50C-4232-A9A5-5F79DEF9D0C9}
		{9C85B4E1-F6A4-42AB-86B7-B2AD2AC0C1B6} = {EAAC3CE7-FEAE-49F1-84E0-4A7BB84BA8DF}
		{7D32AEC3-B9C6-4DE1-BD73-80930596251C} = {8A199A8C-C1BC-41A8-9420-2F57DEE9D393}
		{040E11E4-D954-42E9-9DA4-AB403C8A4E75} = {EAAC3CE7-FEAE-49F1-84E0-4A7BB84BA8DF}
		{265614FD-C538-4E1F-AAD2-BB40652ED027} = {EAAC3CE7-FEAE-49F1-84E0-4A7BB84BA8DF}
		{EAAC3CE7-FEAE-49F1-84E0-4A7BB84BA8DF} = {8A199A8C-C1BC-41A8-9420-2F57DEE9D393}
		{7661F9B3-4A23-4FF0-9AEF-2B8266B1F50B} = {8A199A8C-C1BC-41A8-9420-2F57DEE9D393}
		{33601F28-33F5-4A4B-A11B-254E832FED8D} = {8A199A8C-C1BC-41A8-9420-2F57DEE9D393}
		{B61BB6C2-2508-40CD-969B-7F0FF83F0D74} = {8A199A8C-C1BC-41A8-9420-2F57DEE9D393}
	EndGlobalSection
	GlobalSection(ExtensibilityGlobals) = postSolution
		SolutionGuid = {34EDE9F8-EAC1-4CAA-BF0B-79677575EF27}
	EndGlobalSection
EndGlobal
